
Microsoft Visual Studio Solution File, Format Version 12.00
# Visual Studio Version 17
VisualStudioVersion = 17.3.32929.385
MinimumVisualStudioVersion = 10.0.40219.1
Project("{FAE04EC0-301F-11D3-BF4B-00C04F79EFBC}") = "VoiceAssistant", "VoiceAssistant.csproj", "{1CC6798C-63C8-4047-9A55-B351FEC7AA42}"
EndProject
Project("{FAE04EC0-301F-11D3-BF4B-00C04F79EFBC}") = "VoiceAssistantTests", "..\VoiceAssistantTests\VoiceAssistantTests.csproj", "{5CD63E3B-9DBC-4F25-A600-345CA02829D7}"
EndProject
Project("{FAE04EC0-301F-11D3-BF4B-00C04F79EFBC}") = "VoiceAssistant.Tests", "..\VoiceAssistant.Tests02\VoiceAssistant.Tests.csproj", "{BC3542B6-0F75-4D7A-8C2C-BACBE8D94598}"
EndProject
Project("{FAE04EC0-301F-11D3-BF4B-00C04F79EFBC}") = "VoiceAssistant.Tests1", "..\VoiceAssistant.Tests03\VoiceAssistant.Tests1.csproj", "{B585FCDD-507E-4E0C-B542-504950A98E4D}"
EndProject
Global
	GlobalSection(SolutionConfigurationPlatforms) = preSolution
		Debug|Any CPU = Debug|Any CPU
		Release|Any CPU = Release|Any CPU
	EndGlobalSection
	GlobalSection(ProjectConfigurationPlatforms) = postSolution
		{1CC6798C-63C8-4047-9A55-B351FEC7AA42}.Debug|Any CPU.ActiveCfg = Debug|Any CPU
		{1CC6798C-63C8-4047-9A55-B351FEC7AA42}.Debug|Any CPU.Build.0 = Debug|Any CPU
		{1CC6798C-63C8-4047-9A55-B351FEC7AA42}.Release|Any CPU.ActiveCfg = Release|Any CPU
		{1CC6798C-63C8-4047-9A55-B351FEC7AA42}.Release|Any CPU.Build.0 = Release|Any CPU
		{5CD63E3B-9DBC-4F25-A600-345CA02829D7}.Debug|Any CPU.ActiveCfg = Debug|Any CPU
		{5CD63E3B-9DBC-4F25-A600-345CA02829D7}.Debug|Any CPU.Build.0 = Debug|Any CPU
		{5CD63E3B-9DBC-4F25-A600-345CA02829D7}.Release|Any CPU.ActiveCfg = Release|Any CPU
		{5CD63E3B-9DBC-4F25-A600-345CA02829D7}.Release|Any CPU.Build.0 = Release|Any CPU
		{BC3542B6-0F75-4D7A-8C2C-BACBE8D94598}.Debug|Any CPU.ActiveCfg = Debug|Any CPU
		{BC3542B6-0F75-4D7A-8C2C-BACBE8D94598}.Debug|Any CPU.Build.0 = Debug|Any CPU
		{BC3542B6-0F75-4D7A-8C2C-BACBE8D94598}.Release|Any CPU.ActiveCfg = Release|Any CPU
		{BC3542B6-0F75-4D7A-8C2C-BACBE8D94598}.Release|Any CPU.Build.0 = Release|Any CPU
		{B585FCDD-507E-4E0C-B542-504950A98E4D}.Debug|Any CPU.ActiveCfg = Debug|Any CPU
		{B585FCDD-507E-4E0C-B542-504950A98E4D}.Debug|Any CPU.Build.0 = Debug|Any CPU
		{B585FCDD-507E-4E0C-B542-504950A98E4D}.Release|Any CPU.ActiveCfg = Release|Any CPU
		{B585FCDD-507E-4E0C-B542-504950A98E4D}.Release|Any CPU.Build.0 = Release|Any CPU
	EndGlobalSection
	GlobalSection(SolutionProperties) = preSolution
		HideSolutionNode = FALSE
	EndGlobalSection
	GlobalSection(ExtensibilityGlobals) = postSolution
		SolutionGuid = {4A4834A7-26E0-493F-899B-6A888165A91A}
	EndGlobalSection
EndGlobal
